// !$*UTF8*$!
{
	archiveVersion = 1;
	classes = {
	};
	objectVersion = 56;
	objects = {

/* Begin PBXBuildFile section */
		159B650C2992C4AC00258B33 /* pokeball.gif in Resources */ = {isa = PBXBuildFile; fileRef = 159B650B2992C4AC00258B33 /* pokeball.gif */; };
		159B650E2992C4CC00258B33 /* GifImage.swift in Sources */ = {isa = PBXBuildFile; fileRef = 159B650D2992C4CC00258B33 /* GifImage.swift */; };
		15C545452991ABC20018306D /* PokemonCardView.swift in Sources */ = {isa = PBXBuildFile; fileRef = 15C545442991ABC20018306D /* PokemonCardView.swift */; };
		15CA405A298ECB3F004CA4E3 /* PokedexUIApp.swift in Sources */ = {isa = PBXBuildFile; fileRef = 15CA4059298ECB3F004CA4E3 /* PokedexUIApp.swift */; };
		15CA405E298ECB40004CA4E3 /* Assets.xcassets in Resources */ = {isa = PBXBuildFile; fileRef = 15CA405D298ECB40004CA4E3 /* Assets.xcassets */; };
		15CA4062298ECB40004CA4E3 /* Preview Assets.xcassets in Resources */ = {isa = PBXBuildFile; fileRef = 15CA4061298ECB40004CA4E3 /* Preview Assets.xcassets */; };
		15CA406E298EE10A004CA4E3 /* APIClient.swift in Sources */ = {isa = PBXBuildFile; fileRef = 15CA406D298EE10A004CA4E3 /* APIClient.swift */; };
		15CA4070298EE14F004CA4E3 /* APIRouter.swift in Sources */ = {isa = PBXBuildFile; fileRef = 15CA406F298EE14F004CA4E3 /* APIRouter.swift */; };
		15CA4072298EE186004CA4E3 /* APIConstants.swift in Sources */ = {isa = PBXBuildFile; fileRef = 15CA4071298EE186004CA4E3 /* APIConstants.swift */; };
		15CA4074298EE1B1004CA4E3 /* APIParameters.swift in Sources */ = {isa = PBXBuildFile; fileRef = 15CA4073298EE1B1004CA4E3 /* APIParameters.swift */; };
		15CA4076299134B6004CA4E3 /* Log.swift in Sources */ = {isa = PBXBuildFile; fileRef = 15CA4075299134B6004CA4E3 /* Log.swift */; };
		15CA4078299136B4004CA4E3 /* Pokemon.swift in Sources */ = {isa = PBXBuildFile; fileRef = 15CA4077299136B4004CA4E3 /* Pokemon.swift */; };
		15CA4080299151D1004CA4E3 /* PokedexView.swift in Sources */ = {isa = PBXBuildFile; fileRef = 15CA407F299151D1004CA4E3 /* PokedexView.swift */; };
		15F1A0B929916C6E0013EA74 /* PokedexViewModel.swift in Sources */ = {isa = PBXBuildFile; fileRef = 15F1A0B829916C6E0013EA74 /* PokedexViewModel.swift */; };
		15F1A0BC29916F5A0013EA74 /* PokemonView.swift in Sources */ = {isa = PBXBuildFile; fileRef = 15F1A0BB29916F5A0013EA74 /* PokemonView.swift */; };
		15F1A0BE29916F680013EA74 /* PokemonViewModel.swift in Sources */ = {isa = PBXBuildFile; fileRef = 15F1A0BD29916F680013EA74 /* PokemonViewModel.swift */; };
/* End PBXBuildFile section */

/* Begin PBXFileReference section */
		159B650B2992C4AC00258B33 /* pokeball.gif */ = {isa = PBXFileReference; lastKnownFileType = image.gif; path = pokeball.gif; sourceTree = "<group>"; };
		159B650D2992C4CC00258B33 /* GifImage.swift */ = {isa = PBXFileReference; lastKnownFileType = sourcecode.swift; path = GifImage.swift; sourceTree = "<group>"; };
		15C545442991ABC20018306D /* PokemonCardView.swift */ = {isa = PBXFileReference; lastKnownFileType = sourcecode.swift; path = PokemonCardView.swift; sourceTree = "<group>"; };
		15CA4056298ECB3F004CA4E3 /* PokedexUI.app */ = {isa = PBXFileReference; explicitFileType = wrapper.application; includeInIndex = 0; path = PokedexUI.app; sourceTree = BUILT_PRODUCTS_DIR; };
		15CA4059298ECB3F004CA4E3 /* PokedexUIApp.swift */ = {isa = PBXFileReference; lastKnownFileType = sourcecode.swift; path = PokedexUIApp.swift; sourceTree = "<group>"; };
		15CA405D298ECB40004CA4E3 /* Assets.xcassets */ = {isa = PBXFileReference; lastKnownFileType = folder.assetcatalog; path = Assets.xcassets; sourceTree = "<group>"; };
		15CA405F298ECB40004CA4E3 /* PokedexUI.entitlements */ = {isa = PBXFileReference; lastKnownFileType = text.plist.entitlements; path = PokedexUI.entitlements; sourceTree = "<group>"; };
		15CA4061298ECB40004CA4E3 /* Preview Assets.xcassets */ = {isa = PBXFileReference; lastKnownFileType = folder.assetcatalog; path = "Preview Assets.xcassets"; sourceTree = "<group>"; };
		15CA406D298EE10A004CA4E3 /* APIClient.swift */ = {isa = PBXFileReference; lastKnownFileType = sourcecode.swift; path = APIClient.swift; sourceTree = "<group>"; };
		15CA406F298EE14F004CA4E3 /* APIRouter.swift */ = {isa = PBXFileReference; lastKnownFileType = sourcecode.swift; path = APIRouter.swift; sourceTree = "<group>"; };
		15CA4071298EE186004CA4E3 /* APIConstants.swift */ = {isa = PBXFileReference; lastKnownFileType = sourcecode.swift; path = APIConstants.swift; sourceTree = "<group>"; };
		15CA4073298EE1B1004CA4E3 /* APIParameters.swift */ = {isa = PBXFileReference; lastKnownFileType = sourcecode.swift; path = APIParameters.swift; sourceTree = "<group>"; };
		15CA4075299134B6004CA4E3 /* Log.swift */ = {isa = PBXFileReference; lastKnownFileType = sourcecode.swift; path = Log.swift; sourceTree = "<group>"; };
		15CA4077299136B4004CA4E3 /* Pokemon.swift */ = {isa = PBXFileReference; lastKnownFileType = sourcecode.swift; path = Pokemon.swift; sourceTree = "<group>"; };
		15CA407F299151D1004CA4E3 /* PokedexView.swift */ = {isa = PBXFileReference; lastKnownFileType = sourcecode.swift; path = PokedexView.swift; sourceTree = "<group>"; };
		15F1A0B829916C6E0013EA74 /* PokedexViewModel.swift */ = {isa = PBXFileReference; lastKnownFileType = sourcecode.swift; path = PokedexViewModel.swift; sourceTree = "<group>"; };
		15F1A0BB29916F5A0013EA74 /* PokemonView.swift */ = {isa = PBXFileReference; lastKnownFileType = sourcecode.swift; path = PokemonView.swift; sourceTree = "<group>"; };
		15F1A0BD29916F680013EA74 /* PokemonViewModel.swift */ = {isa = PBXFileReference; lastKnownFileType = sourcecode.swift; path = PokemonViewModel.swift; sourceTree = "<group>"; };
/* End PBXFileReference section */

/* Begin PBXFrameworksBuildPhase section */
		15CA4053298ECB3F004CA4E3 /* Frameworks */ = {
			isa = PBXFrameworksBuildPhase;
			buildActionMask = 2147483647;
			files = (
			);
			runOnlyForDeploymentPostprocessing = 0;
		};
/* End PBXFrameworksBuildPhase section */

/* Begin PBXGroup section */
		15CA404D298ECB3F004CA4E3 = {
			isa = PBXGroup;
			children = (
				15CA4058298ECB3F004CA4E3 /* PokedexUI */,
				15CA4057298ECB3F004CA4E3 /* Products */,
			);
			sourceTree = "<group>";
		};
		15CA4057298ECB3F004CA4E3 /* Products */ = {
			isa = PBXGroup;
			children = (
				15CA4056298ECB3F004CA4E3 /* PokedexUI.app */,
			);
			name = Products;
			sourceTree = "<group>";
		};
		15CA4058298ECB3F004CA4E3 /* PokedexUI */ = {
			isa = PBXGroup;
			children = (
				15CA406C298EE09D004CA4E3 /* Views */,
				15CA406B298EE092004CA4E3 /* Components */,
				15CA406A298EE084004CA4E3 /* Models */,
				15CA4069298EE077004CA4E3 /* Networking */,
				15CA4068298EE06A004CA4E3 /* Utilities */,
				15CA405F298ECB40004CA4E3 /* PokedexUI.entitlements */,
				15CA405D298ECB40004CA4E3 /* Assets.xcassets */,
				15CA4059298ECB3F004CA4E3 /* PokedexUIApp.swift */,
				15CA4060298ECB40004CA4E3 /* Preview Content */,
			);
			path = PokedexUI;
			sourceTree = "<group>";
		};
		15CA4060298ECB40004CA4E3 /* Preview Content */ = {
			isa = PBXGroup;
			children = (
				15CA4061298ECB40004CA4E3 /* Preview Assets.xcassets */,
			);
			path = "Preview Content";
			sourceTree = "<group>";
		};
		15CA4068298EE06A004CA4E3 /* Utilities */ = {
			isa = PBXGroup;
			children = (
				159B650B2992C4AC00258B33 /* pokeball.gif */,
				15CA4075299134B6004CA4E3 /* Log.swift */,
			);
			path = Utilities;
			sourceTree = "<group>";
		};
		15CA4069298EE077004CA4E3 /* Networking */ = {
			isa = PBXGroup;
			children = (
				15CA406D298EE10A004CA4E3 /* APIClient.swift */,
				15CA406F298EE14F004CA4E3 /* APIRouter.swift */,
				15CA4071298EE186004CA4E3 /* APIConstants.swift */,
				15CA4073298EE1B1004CA4E3 /* APIParameters.swift */,
			);
			path = Networking;
			sourceTree = "<group>";
		};
		15CA406A298EE084004CA4E3 /* Models */ = {
			isa = PBXGroup;
			children = (
				15CA4077299136B4004CA4E3 /* Pokemon.swift */,
			);
			path = Models;
			sourceTree = "<group>";
		};
		15CA406B298EE092004CA4E3 /* Components */ = {
			isa = PBXGroup;
			children = (
				15C545442991ABC20018306D /* PokemonCardView.swift */,
				159B650D2992C4CC00258B33 /* GifImage.swift */,
			);
			path = Components;
			sourceTree = "<group>";
		};
		15CA406C298EE09D004CA4E3 /* Views */ = {
			isa = PBXGroup;
			children = (
				15F1A0BA29916F4B0013EA74 /* PokemonView */,
				15F1A0B729916C540013EA74 /* PokedexView */,
			);
			path = Views;
			sourceTree = "<group>";
		};
		15F1A0B729916C540013EA74 /* PokedexView */ = {
			isa = PBXGroup;
			children = (
				15CA407F299151D1004CA4E3 /* PokedexView.swift */,
				15F1A0B829916C6E0013EA74 /* PokedexViewModel.swift */,
			);
			path = PokedexView;
			sourceTree = "<group>";
		};
		15F1A0BA29916F4B0013EA74 /* PokemonView */ = {
			isa = PBXGroup;
			children = (
				15F1A0BB29916F5A0013EA74 /* PokemonView.swift */,
				15F1A0BD29916F680013EA74 /* PokemonViewModel.swift */,
			);
			path = PokemonView;
			sourceTree = "<group>";
		};
/* End PBXGroup section */

/* Begin PBXNativeTarget section */
		15CA4055298ECB3F004CA4E3 /* PokedexUI */ = {
			isa = PBXNativeTarget;
			buildConfigurationList = 15CA4065298ECB40004CA4E3 /* Build configuration list for PBXNativeTarget "PokedexUI" */;
			buildPhases = (
				15CA4052298ECB3F004CA4E3 /* Sources */,
				15CA4053298ECB3F004CA4E3 /* Frameworks */,
				15CA4054298ECB3F004CA4E3 /* Resources */,
			);
			buildRules = (
			);
			dependencies = (
			);
			name = PokedexUI;
			productName = PokedexUI;
			productReference = 15CA4056298ECB3F004CA4E3 /* PokedexUI.app */;
			productType = "com.apple.product-type.application";
		};
/* End PBXNativeTarget section */

/* Begin PBXProject section */
		15CA404E298ECB3F004CA4E3 /* Project object */ = {
			isa = PBXProject;
			attributes = {
				BuildIndependentTargetsInParallel = 1;
				LastSwiftUpdateCheck = 1420;
				LastUpgradeCheck = 1420;
				TargetAttributes = {
					15CA4055298ECB3F004CA4E3 = {
						CreatedOnToolsVersion = 14.2;
					};
				};
			};
			buildConfigurationList = 15CA4051298ECB3F004CA4E3 /* Build configuration list for PBXProject "PokedexUI" */;
			compatibilityVersion = "Xcode 14.0";
			developmentRegion = en;
			hasScannedForEncodings = 0;
			knownRegions = (
				en,
				Base,
			);
			mainGroup = 15CA404D298ECB3F004CA4E3;
			productRefGroup = 15CA4057298ECB3F004CA4E3 /* Products */;
			projectDirPath = "";
			projectRoot = "";
			targets = (
				15CA4055298ECB3F004CA4E3 /* PokedexUI */,
			);
		};
/* End PBXProject section */

/* Begin PBXResourcesBuildPhase section */
		15CA4054298ECB3F004CA4E3 /* Resources */ = {
			isa = PBXResourcesBuildPhase;
			buildActionMask = 2147483647;
			files = (
				159B650C2992C4AC00258B33 /* pokeball.gif in Resources */,
				15CA4062298ECB40004CA4E3 /* Preview Assets.xcassets in Resources */,
				15CA405E298ECB40004CA4E3 /* Assets.xcassets in Resources */,
			);
			runOnlyForDeploymentPostprocessing = 0;
		};
/* End PBXResourcesBuildPhase section */

/* Begin PBXSourcesBuildPhase section */
		15CA4052298ECB3F004CA4E3 /* Sources */ = {
			isa = PBXSourcesBuildPhase;
			buildActionMask = 2147483647;
			files = (
				15CA4074298EE1B1004CA4E3 /* APIParameters.swift in Sources */,
				15CA4078299136B4004CA4E3 /* Pokemon.swift in Sources */,
				15C545452991ABC20018306D /* PokemonCardView.swift in Sources */,
				15CA4076299134B6004CA4E3 /* Log.swift in Sources */,
				15F1A0B929916C6E0013EA74 /* PokedexViewModel.swift in Sources */,
				15CA4072298EE186004CA4E3 /* APIConstants.swift in Sources */,
				15CA4070298EE14F004CA4E3 /* APIRouter.swift in Sources */,
				15CA405A298ECB3F004CA4E3 /* PokedexUIApp.swift in Sources */,
				159B650E2992C4CC00258B33 /* GifImage.swift in Sources */,
				15F1A0BE29916F680013EA74 /* PokemonViewModel.swift in Sources */,
				15CA406E298EE10A004CA4E3 /* APIClient.swift in Sources */,
				15F1A0BC29916F5A0013EA74 /* PokemonView.swift in Sources */,
				15CA4080299151D1004CA4E3 /* PokedexView.swift in Sources */,
			);
			runOnlyForDeploymentPostprocessing = 0;
		};
/* End PBXSourcesBuildPhase section */

/* Begin XCBuildConfiguration section */
		15CA4063298ECB40004CA4E3 /* Debug */ = {
			isa = XCBuildConfiguration;
			buildSettings = {
				ALWAYS_SEARCH_USER_PATHS = NO;
				CLANG_ANALYZER_NONNULL = YES;
				CLANG_ANALYZER_NUMBER_OBJECT_CONVERSION = YES_AGGRESSIVE;
				CLANG_CXX_LANGUAGE_STANDARD = "gnu++20";
				CLANG_ENABLE_MODULES = YES;
				CLANG_ENABLE_OBJC_ARC = YES;
				CLANG_ENABLE_OBJC_WEAK = YES;
				CLANG_WARN_BLOCK_CAPTURE_AUTORELEASING = YES;
				CLANG_WARN_BOOL_CONVERSION = YES;
				CLANG_WARN_COMMA = YES;
				CLANG_WARN_CONSTANT_CONVERSION = YES;
				CLANG_WARN_DEPRECATED_OBJC_IMPLEMENTATIONS = YES;
				CLANG_WARN_DIRECT_OBJC_ISA_USAGE = YES_ERROR;
				CLANG_WARN_DOCUMENTATION_COMMENTS = YES;
				CLANG_WARN_EMPTY_BODY = YES;
				CLANG_WARN_ENUM_CONVERSION = YES;
				CLANG_WARN_INFINITE_RECURSION = YES;
				CLANG_WARN_INT_CONVERSION = YES;
				CLANG_WARN_NON_LITERAL_NULL_CONVERSION = YES;
				CLANG_WARN_OBJC_IMPLICIT_RETAIN_SELF = YES;
				CLANG_WARN_OBJC_LITERAL_CONVERSION = YES;
				CLANG_WARN_OBJC_ROOT_CLASS = YES_ERROR;
				CLANG_WARN_QUOTED_INCLUDE_IN_FRAMEWORK_HEADER = YES;
				CLANG_WARN_RANGE_LOOP_ANALYSIS = YES;
				CLANG_WARN_STRICT_PROTOTYPES = YES;
				CLANG_WARN_SUSPICIOUS_MOVE = YES;
				CLANG_WARN_UNGUARDED_AVAILABILITY = YES_AGGRESSIVE;
				CLANG_WARN_UNREACHABLE_CODE = YES;
				CLANG_WARN__DUPLICATE_METHOD_MATCH = YES;
				COPY_PHASE_STRIP = NO;
				DEBUG_INFORMATION_FORMAT = dwarf;
				ENABLE_STRICT_OBJC_MSGSEND = YES;
				ENABLE_TESTABILITY = YES;
				GCC_C_LANGUAGE_STANDARD = gnu11;
				GCC_DYNAMIC_NO_PIC = NO;
				GCC_NO_COMMON_BLOCKS = YES;
				GCC_OPTIMIZATION_LEVEL = 0;
				GCC_PREPROCESSOR_DEFINITIONS = (
					"DEBUG=1",
					"$(inherited)",
				);
				GCC_WARN_64_TO_32_BIT_CONVERSION = YES;
				GCC_WARN_ABOUT_RETURN_TYPE = YES_ERROR;
				GCC_WARN_UNDECLARED_SELECTOR = YES;
				GCC_WARN_UNINITIALIZED_AUTOS = YES_AGGRESSIVE;
				GCC_WARN_UNUSED_FUNCTION = YES;
				GCC_WARN_UNUSED_VARIABLE = YES;
				MTL_ENABLE_DEBUG_INFO = INCLUDE_SOURCE;
				MTL_FAST_MATH = YES;
				ONLY_ACTIVE_ARCH = YES;
				SWIFT_ACTIVE_COMPILATION_CONDITIONS = DEBUG;
				SWIFT_OPTIMIZATION_LEVEL = "-Onone";
			};
			name = Debug;
		};
		15CA4064298ECB40004CA4E3 /* Release */ = {
			isa = XCBuildConfiguration;
			buildSettings = {
				ALWAYS_SEARCH_USER_PATHS = NO;
				CLANG_ANALYZER_NONNULL = YES;
				CLANG_ANALYZER_NUMBER_OBJECT_CONVERSION = YES_AGGRESSIVE;
				CLANG_CXX_LANGUAGE_STANDARD = "gnu++20";
				CLANG_ENABLE_MODULES = YES;
				CLANG_ENABLE_OBJC_ARC = YES;
				CLANG_ENABLE_OBJC_WEAK = YES;
				CLANG_WARN_BLOCK_CAPTURE_AUTORELEASING = YES;
				CLANG_WARN_BOOL_CONVERSION = YES;
				CLANG_WARN_COMMA = YES;
				CLANG_WARN_CONSTANT_CONVERSION = YES;
				CLANG_WARN_DEPRECATED_OBJC_IMPLEMENTATIONS = YES;
				CLANG_WARN_DIRECT_OBJC_ISA_USAGE = YES_ERROR;
				CLANG_WARN_DOCUMENTATION_COMMENTS = YES;
				CLANG_WARN_EMPTY_BODY = YES;
				CLANG_WARN_ENUM_CONVERSION = YES;
				CLANG_WARN_INFINITE_RECURSION = YES;
				CLANG_WARN_INT_CONVERSION = YES;
				CLANG_WARN_NON_LITERAL_NULL_CONVERSION = YES;
				CLANG_WARN_OBJC_IMPLICIT_RETAIN_SELF = YES;
				CLANG_WARN_OBJC_LITERAL_CONVERSION = YES;
				CLANG_WARN_OBJC_ROOT_CLASS = YES_ERROR;
				CLANG_WARN_QUOTED_INCLUDE_IN_FRAMEWORK_HEADER = YES;
				CLANG_WARN_RANGE_LOOP_ANALYSIS = YES;
				CLANG_WARN_STRICT_PROTOTYPES = YES;
				CLANG_WARN_SUSPICIOUS_MOVE = YES;
				CLANG_WARN_UNGUARDED_AVAILABILITY = YES_AGGRESSIVE;
				CLANG_WARN_UNREACHABLE_CODE = YES;
				CLANG_WARN__DUPLICATE_METHOD_MATCH = YES;
				COPY_PHASE_STRIP = NO;
				DEBUG_INFORMATION_FORMAT = "dwarf-with-dsym";
				ENABLE_NS_ASSERTIONS = NO;
				ENABLE_STRICT_OBJC_MSGSEND = YES;
				GCC_C_LANGUAGE_STANDARD = gnu11;
				GCC_NO_COMMON_BLOCKS = YES;
				GCC_WARN_64_TO_32_BIT_CONVERSION = YES;
				GCC_WARN_ABOUT_RETURN_TYPE = YES_ERROR;
				GCC_WARN_UNDECLARED_SELECTOR = YES;
				GCC_WARN_UNINITIALIZED_AUTOS = YES_AGGRESSIVE;
				GCC_WARN_UNUSED_FUNCTION = YES;
				GCC_WARN_UNUSED_VARIABLE = YES;
				MTL_ENABLE_DEBUG_INFO = NO;
				MTL_FAST_MATH = YES;
				SWIFT_COMPILATION_MODE = wholemodule;
				SWIFT_OPTIMIZATION_LEVEL = "-O";
			};
			name = Release;
		};
		15CA4066298ECB40004CA4E3 /* Debug */ = {
			isa = XCBuildConfiguration;
			buildSettings = {
				ASSETCATALOG_COMPILER_APPICON_NAME = AppIcon;
				ASSETCATALOG_COMPILER_GLOBAL_ACCENT_COLOR_NAME = AccentColor;
				CODE_SIGN_ENTITLEMENTS = PokedexUI/PokedexUI.entitlements;
				CODE_SIGN_STYLE = Automatic;
				CURRENT_PROJECT_VERSION = 1;
				DEVELOPMENT_ASSET_PATHS = "\"PokedexUI/Preview Content\"";
				ENABLE_PREVIEWS = YES;
				GENERATE_INFOPLIST_FILE = YES;
				"INFOPLIST_KEY_UIApplicationSceneManifest_Generation[sdk=iphoneos*]" = YES;
				"INFOPLIST_KEY_UIApplicationSceneManifest_Generation[sdk=iphonesimulator*]" = YES;
				"INFOPLIST_KEY_UIApplicationSupportsIndirectInputEvents[sdk=iphoneos*]" = YES;
				"INFOPLIST_KEY_UIApplicationSupportsIndirectInputEvents[sdk=iphonesimulator*]" = YES;
				"INFOPLIST_KEY_UILaunchScreen_Generation[sdk=iphoneos*]" = YES;
				"INFOPLIST_KEY_UILaunchScreen_Generation[sdk=iphonesimulator*]" = YES;
				"INFOPLIST_KEY_UIStatusBarStyle[sdk=iphoneos*]" = UIStatusBarStyleDefault;
				"INFOPLIST_KEY_UIStatusBarStyle[sdk=iphonesimulator*]" = UIStatusBarStyleDefault;
				INFOPLIST_KEY_UISupportedInterfaceOrientations_iPad = "UIInterfaceOrientationPortrait UIInterfaceOrientationPortraitUpsideDown UIInterfaceOrientationLandscapeLeft UIInterfaceOrientationLandscapeRight";
				INFOPLIST_KEY_UISupportedInterfaceOrientations_iPhone = "UIInterfaceOrientationPortrait UIInterfaceOrientationLandscapeLeft UIInterfaceOrientationLandscapeRight";
				IPHONEOS_DEPLOYMENT_TARGET = 16.2;
				LD_RUNPATH_SEARCH_PATHS = "@executable_path/Frameworks";
				"LD_RUNPATH_SEARCH_PATHS[sdk=macosx*]" = "@executable_path/../Frameworks";
				MACOSX_DEPLOYMENT_TARGET = 13.1;
				MARKETING_VERSION = 1.0;
				PRODUCT_BUNDLE_IDENTIFIER = poke.PokedexUI;
				PRODUCT_NAME = "$(TARGET_NAME)";
				SDKROOT = auto;
				SUPPORTED_PLATFORMS = "iphoneos iphonesimulator macosx";
				SWIFT_EMIT_LOC_STRINGS = YES;
				SWIFT_VERSION = 5.0;
				TARGETED_DEVICE_FAMILY = "1,2";
			};
			name = Debug;
		};
		15CA4067298ECB40004CA4E3 /* Release */ = {
			isa = XCBuildConfiguration;
			buildSettings = {
				ASSETCATALOG_COMPILER_APPICON_NAME = AppIcon;
				ASSETCATALOG_COMPILER_GLOBAL_ACCENT_COLOR_NAME = AccentColor;
				CODE_SIGN_ENTITLEMENTS = PokedexUI/PokedexUI.entitlements;
				CODE_SIGN_STYLE = Automatic;
				CURRENT_PROJECT_VERSION = 1;
				DEVELOPMENT_ASSET_PATHS = "\"PokedexUI/Preview Content\"";
				ENABLE_PREVIEWS = YES;
				GENERATE_INFOPLIST_FILE = YES;
				"INFOPLIST_KEY_UIApplicationSceneManifest_Generation[sdk=iphoneos*]" = YES;
				"INFOPLIST_KEY_UIApplicationSceneManifest_Generation[sdk=iphonesimulator*]" = YES;
				"INFOPLIST_KEY_UIApplicationSupportsIndirectInputEvents[sdk=iphoneos*]" = YES;
				"INFOPLIST_KEY_UIApplicationSupportsIndirectInputEvents[sdk=iphonesimulator*]" = YES;
				"INFOPLIST_KEY_UILaunchScreen_Generation[sdk=iphoneos*]" = YES;
				"INFOPLIST_KEY_UILaunchScreen_Generation[sdk=iphonesimulator*]" = YES;
				"INFOPLIST_KEY_UIStatusBarStyle[sdk=iphoneos*]" = UIStatusBarStyleDefault;
				"INFOPLIST_KEY_UIStatusBarStyle[sdk=iphonesimulator*]" = UIStatusBarStyleDefault;
				INFOPLIST_KEY_UISupportedInterfaceOrientations_iPad = "UIInterfaceOrientationPortrait UIInterfaceOrientationPortraitUpsideDown UIInterfaceOrientationLandscapeLeft UIInterfaceOrientationLandscapeRight";
				INFOPLIST_KEY_UISupportedInterfaceOrientations_iPhone = "UIInterfaceOrientationPortrait UIInterfaceOrientationLandscapeLeft UIInterfaceOrientationLandscapeRight";
				IPHONEOS_DEPLOYMENT_TARGET = 16.2;
				LD_RUNPATH_SEARCH_PATHS = "@executable_path/Frameworks";
				"LD_RUNPATH_SEARCH_PATHS[sdk=macosx*]" = "@executable_path/../Frameworks";
				MACOSX_DEPLOYMENT_TARGET = 13.1;
				MARKETING_VERSION = 1.0;
				PRODUCT_BUNDLE_IDENTIFIER = poke.PokedexUI;
				PRODUCT_NAME = "$(TARGET_NAME)";
				SDKROOT = auto;
				SUPPORTED_PLATFORMS = "iphoneos iphonesimulator macosx";
				SWIFT_EMIT_LOC_STRINGS = YES;
				SWIFT_VERSION = 5.0;
				TARGETED_DEVICE_FAMILY = "1,2";
			};
			name = Release;
		};
/* End XCBuildConfiguration section */

/* Begin XCConfigurationList section */
		15CA4051298ECB3F004CA4E3 /* Build configuration list for PBXProject "PokedexUI" */ = {
			isa = XCConfigurationList;
			buildConfigurations = (
				15CA4063298ECB40004CA4E3 /* Debug */,
				15CA4064298ECB40004CA4E3 /* Release */,
			);
			defaultConfigurationIsVisible = 0;
			defaultConfigurationName = Release;
		};
		15CA4065298ECB40004CA4E3 /* Build configuration list for PBXNativeTarget "PokedexUI" */ = {
			isa = XCConfigurationList;
			buildConfigurations = (
				15CA4066298ECB40004CA4E3 /* Debug */,
				15CA4067298ECB40004CA4E3 /* Release */,
			);
			defaultConfigurationIsVisible = 0;
			defaultConfigurationName = Release;
		};
/* End XCConfigurationList section */
	};
	rootObject = 15CA404E298ECB3F004CA4E3 /* Project object */;
}
